Microsoft Visual Studio Solution File, Format Version 12.00
# Visual Studio Version 17
VisualStudioVersion = 17.5.2.0
MinimumVisualStudioVersion = 10.0.40219.1
Project("{FAE04EC0-301F-11D3-BF4B-00C04F79EFBC}") = "rendoc_botsender", "src\rendoc_botsender.csproj", "{84B39B19-85E7-BF3F-1206-8322640D244D}"
EndProject
Global
	GlobalSection(SolutionConfigurationPlatforms) = preSolution
		Debug|Any CPU = Debug|Any CPU
		Release|Any CPU = Release|Any CPU
	EndGlobalSection
	GlobalSection(ProjectConfigurationPlatforms) = postSolution
		{84B39B19-85E7-BF3F-1206-8322640D244D}.Debug|Any CPU.ActiveCfg = Debug|Any CPU
		{84B39B19-85E7-BF3F-1206-8322640D244D}.Debug|Any CPU.Build.0 = Debug|Any CPU
		{84B39B19-85E7-BF3F-1206-8322640D244D}.Release|Any CPU.ActiveCfg = Release|Any CPU
		{84B39B19-85E7-BF3F-1206-8322640D244D}.Release|Any CPU.Build.0 = Release|Any CPU
	EndGlobalSection
	GlobalSection(SolutionProperties) = preSolution
		HideSolutionNode = FALSE
	EndGlobalSection
	GlobalSection(ExtensibilityGlobals) = postSolution
		SolutionGuid = {D7939E96-ABA3-4391-8ED5-B909869E6F6A}
	EndGlobalSection
EndGlobal
